{
  "name": "01-dynamic-workflow-javascript",
  "version": "1.0.0",
  "lockfileVersion": 3,
  "requires": true,
  "packages": {
    "": {
      "name": "01-dynamic-workflow-javascript",
      "version": "1.0.0",
      "license": "ISC",
      "dependencies": {
        "@circleci/circleci-config-sdk": "file:../../../.."
      }
    },
    "node_modules/@circleci/circleci-config-sdk": {
      "version": "0.0.0-development",
      "resolved": "file:../../../..",
      "license": "MIT",
      "dependencies": {
        "browser-or-node": "^2.0.0",
        "yaml": "2.1.1"
      }
    },
    "node_modules/browser-or-node": {
      "version": "2.1.1",
      "resolved": "https://registry.npmjs.org/browser-or-node/-/browser-or-node-2.1.1.tgz",
      "integrity": "sha512-8CVjaLJGuSKMVTxJ2DpBl5XnlNDiT4cQFeuCJJrvJmts9YrTZDizTX7PjC2s6W4x+MBGZeEY6dGMrF04/6Hgqg=="
    },
    "node_modules/yaml": {
      "version": "2.1.1",
      "resolved": "https://registry.npmjs.org/yaml/-/yaml-2.1.1.tgz",
      "integrity": "sha512-o96x3OPo8GjWeSLF+wOAbrPfhFOGY0W00GNaxCDv+9hkcDJEnev1yh8S7pgHF0ik6zc8sQLuL8hjHjJULZp8bw==",
      "engines": {
        "node": ">= 14"
      }
    }
  }
}
