{
  "name": "01-dynamic-workflow-javascript",
  "version": "1.0.0",
  "lockfileVersion": 2,
  "requires": true,
  "packages": {
    "": {
      "name": "01-dynamic-workflow-javascript",
      "version": "1.0.0",
      "license": "ISC"
    },
    "../../..": {
      "extraneous": true
    },
    "../../../dist": {
      "extraneous": true
    }
  }
}
